
Microsoft Visual Studio Solution File, Format Version 11.00
# Visual C++ Express 2010
Project("{8BC9CEB8-8B4A-11D0-8D11-00A0C91BC942}") = "igfz", "igfz\igfz.vcxproj", "{07756B24-292F-4E59-8E4B-58F88DCA6E5B}"
EndProject
Global
	GlobalSection(SolutionConfigurationPlatforms) = preSolution
		Debug|Win32 = Debug|Win32
		Release|Win32 = Release|Win32
	EndGlobalSection
	GlobalSection(ProjectConfigurationPlatforms) = postSolution
		{07756B24-292F-4E59-8E4B-58F88DCA6E5B}.Debug|Win32.ActiveCfg = Debug|Win32
		{07756B24-292F-4E59-8E4B-58F88DCA6E5B}.Debug|Win32.Build.0 = Debug|Win32
		{07756B24-292F-4E59-8E4B-58F88DCA6E5B}.Release|Win32.ActiveCfg = Release|Win32
		{07756B24-292F-4E59-8E4B-58F88DCA6E5B}.Release|Win32.Build.0 = Release|Win32
	EndGlobalSection
	GlobalSection(SolutionProperties) = preSolution
		HideSolutionNode = FALSE
	EndGlobalSection
EndGlobal
