
Microsoft Visual Studio Solution File, Format Version 11.00
# Visual C++ Express 2010
Project("{8BC9CEB8-8B4A-11D0-8D11-00A0C91BC942}") = "求和", "求和\求和.vcxproj", "{59D4A269-B2DF-4E50-821C-3FB7DD7B2626}"
EndProject
Global
	GlobalSection(SolutionConfigurationPlatforms) = preSolution
		Debug|Win32 = Debug|Win32
		Release|Win32 = Release|Win32
	EndGlobalSection
	GlobalSection(ProjectConfigurationPlatforms) = postSolution
		{59D4A269-B2DF-4E50-821C-3FB7DD7B2626}.Debug|Win32.ActiveCfg = Debug|Win32
		{59D4A269-B2DF-4E50-821C-3FB7DD7B2626}.Debug|Win32.Build.0 = Debug|Win32
		{59D4A269-B2DF-4E50-821C-3FB7DD7B2626}.Release|Win32.ActiveCfg = Release|Win32
		{59D4A269-B2DF-4E50-821C-3FB7DD7B2626}.Release|Win32.Build.0 = Release|Win32
	EndGlobalSection
	GlobalSection(SolutionProperties) = preSolution
		HideSolutionNode = FALSE
	EndGlobalSection
EndGlobal
