
Microsoft Visual Studio Solution File, Format Version 11.00
# Visual C++ Express 2010
Project("{8BC9CEB8-8B4A-11D0-8D11-00A0C91BC942}") = "水仙花数", "水仙花数\水仙花数.vcxproj", "{F07EB162-EBE5-472C-9982-B214173D3612}"
EndProject
Global
	GlobalSection(SolutionConfigurationPlatforms) = preSolution
		Debug|Win32 = Debug|Win32
		Release|Win32 = Release|Win32
	EndGlobalSection
	GlobalSection(ProjectConfigurationPlatforms) = postSolution
		{F07EB162-EBE5-472C-9982-B214173D3612}.Debug|Win32.ActiveCfg = Debug|Win32
		{F07EB162-EBE5-472C-9982-B214173D3612}.Debug|Win32.Build.0 = Debug|Win32
		{F07EB162-EBE5-472C-9982-B214173D3612}.Release|Win32.ActiveCfg = Release|Win32
		{F07EB162-EBE5-472C-9982-B214173D3612}.Release|Win32.Build.0 = Release|Win32
	EndGlobalSection
	GlobalSection(SolutionProperties) = preSolution
		HideSolutionNode = FALSE
	EndGlobalSection
EndGlobal
