
Microsoft Visual Studio Solution File, Format Version 11.00
# Visual C++ Express 2010
Project("{8BC9CEB8-8B4A-11D0-8D11-00A0C91BC942}") = "86_希尔算法", "86_希尔算法\86_希尔算法.vcxproj", "{5D97CAF8-E60D-4A49-860B-051448387790}"
EndProject
Global
	GlobalSection(SolutionConfigurationPlatforms) = preSolution
		Debug|Win32 = Debug|Win32
		Release|Win32 = Release|Win32
	EndGlobalSection
	GlobalSection(ProjectConfigurationPlatforms) = postSolution
		{5D97CAF8-E60D-4A49-860B-051448387790}.Debug|Win32.ActiveCfg = Debug|Win32
		{5D97CAF8-E60D-4A49-860B-051448387790}.Debug|Win32.Build.0 = Debug|Win32
		{5D97CAF8-E60D-4A49-860B-051448387790}.Release|Win32.ActiveCfg = Release|Win32
		{5D97CAF8-E60D-4A49-860B-051448387790}.Release|Win32.Build.0 = Release|Win32
	EndGlobalSection
	GlobalSection(SolutionProperties) = preSolution
		HideSolutionNode = FALSE
	EndGlobalSection
EndGlobal
