
Microsoft Visual Studio Solution File, Format Version 11.00
# Visual C++ Express 2010
Project("{8BC9CEB8-8B4A-11D0-8D11-00A0C91BC942}") = "1", "1\1.vcxproj", "{140BC9AC-8B53-4075-B4BB-363DFBC0FC85}"
EndProject
Global
	GlobalSection(SolutionConfigurationPlatforms) = preSolution
		Debug|Win32 = Debug|Win32
		Release|Win32 = Release|Win32
	EndGlobalSection
	GlobalSection(ProjectConfigurationPlatforms) = postSolution
		{140BC9AC-8B53-4075-B4BB-363DFBC0FC85}.Debug|Win32.ActiveCfg = Debug|Win32
		{140BC9AC-8B53-4075-B4BB-363DFBC0FC85}.Debug|Win32.Build.0 = Debug|Win32
		{140BC9AC-8B53-4075-B4BB-363DFBC0FC85}.Release|Win32.ActiveCfg = Release|Win32
		{140BC9AC-8B53-4075-B4BB-363DFBC0FC85}.Release|Win32.Build.0 = Release|Win32
	EndGlobalSection
	GlobalSection(SolutionProperties) = preSolution
		HideSolutionNode = FALSE
	EndGlobalSection
EndGlobal
