
Microsoft Visual Studio Solution File, Format Version 11.00
# Visual C++ Express 2010
Project("{8BC9CEB8-8B4A-11D0-8D11-00A0C91BC942}") = "34568", "34568\34568.vcxproj", "{25AE232E-A536-4103-A0C7-CCB135CC61AA}"
EndProject
Global
	GlobalSection(SolutionConfigurationPlatforms) = preSolution
		Debug|Win32 = Debug|Win32
		Release|Win32 = Release|Win32
	EndGlobalSection
	GlobalSection(ProjectConfigurationPlatforms) = postSolution
		{25AE232E-A536-4103-A0C7-CCB135CC61AA}.Debug|Win32.ActiveCfg = Debug|Win32
		{25AE232E-A536-4103-A0C7-CCB135CC61AA}.Debug|Win32.Build.0 = Debug|Win32
		{25AE232E-A536-4103-A0C7-CCB135CC61AA}.Release|Win32.ActiveCfg = Release|Win32
		{25AE232E-A536-4103-A0C7-CCB135CC61AA}.Release|Win32.Build.0 = Release|Win32
	EndGlobalSection
	GlobalSection(SolutionProperties) = preSolution
		HideSolutionNode = FALSE
	EndGlobalSection
EndGlobal
