
Microsoft Visual Studio Solution File, Format Version 11.00
# Visual C++ Express 2010
Project("{8BC9CEB8-8B4A-11D0-8D11-00A0C91BC942}") = "456789", "456789\456789.vcxproj", "{D7088ABA-6342-4706-BFD7-9846DE369A4A}"
EndProject
Global
	GlobalSection(SolutionConfigurationPlatforms) = preSolution
		Debug|Win32 = Debug|Win32
		Release|Win32 = Release|Win32
	EndGlobalSection
	GlobalSection(ProjectConfigurationPlatforms) = postSolution
		{D7088ABA-6342-4706-BFD7-9846DE369A4A}.Debug|Win32.ActiveCfg = Debug|Win32
		{D7088ABA-6342-4706-BFD7-9846DE369A4A}.Debug|Win32.Build.0 = Debug|Win32
		{D7088ABA-6342-4706-BFD7-9846DE369A4A}.Release|Win32.ActiveCfg = Release|Win32
		{D7088ABA-6342-4706-BFD7-9846DE369A4A}.Release|Win32.Build.0 = Release|Win32
	EndGlobalSection
	GlobalSection(SolutionProperties) = preSolution
		HideSolutionNode = FALSE
	EndGlobalSection
EndGlobal
