
Microsoft Visual Studio Solution File, Format Version 11.00
# Visual C++ Express 2010
Project("{8BC9CEB8-8B4A-11D0-8D11-00A0C91BC942}") = "测试", "测试\测试.vcxproj", "{608932B7-6037-4B5B-9140-6ACBF48E100C}"
EndProject
Global
	GlobalSection(SolutionConfigurationPlatforms) = preSolution
		Debug|Win32 = Debug|Win32
		Release|Win32 = Release|Win32
	EndGlobalSection
	GlobalSection(ProjectConfigurationPlatforms) = postSolution
		{608932B7-6037-4B5B-9140-6ACBF48E100C}.Debug|Win32.ActiveCfg = Debug|Win32
		{608932B7-6037-4B5B-9140-6ACBF48E100C}.Debug|Win32.Build.0 = Debug|Win32
		{608932B7-6037-4B5B-9140-6ACBF48E100C}.Release|Win32.ActiveCfg = Release|Win32
		{608932B7-6037-4B5B-9140-6ACBF48E100C}.Release|Win32.Build.0 = Release|Win32
	EndGlobalSection
	GlobalSection(SolutionProperties) = preSolution
		HideSolutionNode = FALSE
	EndGlobalSection
EndGlobal
